
Microsoft Visual Studio Solution File, Format Version 12.00
# Visual Studio Version 17
VisualStudioVersion = 17.0.31903.59
MinimumVisualStudioVersion = 10.0.40219.1
Project("{9A19103F-16F7-4668-BE54-9A1E7A4F7556}") = "Relatude.MVC", "Relatude.MVC.csproj", "{B092E543-60E7-4B68-9B11-D806D1CC7E18}"
EndProject
Global
	GlobalSection(SolutionConfigurationPlatforms) = preSolution
		Debug|.NET = Debug|.NET
		Debug|Any CPU = Debug|Any CPU
		Debug|Mixed Platforms = Debug|Mixed Platforms
		Release|.NET = Release|.NET
		Release|Any CPU = Release|Any CPU
		Release|Mixed Platforms = Release|Mixed Platforms
	EndGlobalSection
	GlobalSection(ProjectConfigurationPlatforms) = postSolution
		{B092E543-60E7-4B68-9B11-D806D1CC7E18}.Debug|.NET.ActiveCfg = Debug|Any CPU
		{B092E543-60E7-4B68-9B11-D806D1CC7E18}.Debug|.NET.Build.0 = Debug|Any CPU
		{B092E543-60E7-4B68-9B11-D806D1CC7E18}.Debug|Any CPU.ActiveCfg = Debug|Any CPU
		{B092E543-60E7-4B68-9B11-D806D1CC7E18}.Debug|Any CPU.Build.0 = Debug|Any CPU
		{B092E543-60E7-4B68-9B11-D806D1CC7E18}.Debug|Mixed Platforms.ActiveCfg = Debug|Any CPU
		{B092E543-60E7-4B68-9B11-D806D1CC7E18}.Debug|Mixed Platforms.Build.0 = Debug|Any CPU
		{B092E543-60E7-4B68-9B11-D806D1CC7E18}.Release|.NET.ActiveCfg = Release|Any CPU
		{B092E543-60E7-4B68-9B11-D806D1CC7E18}.Release|.NET.Build.0 = Release|Any CPU
		{B092E543-60E7-4B68-9B11-D806D1CC7E18}.Release|Any CPU.ActiveCfg = Release|Any CPU
		{B092E543-60E7-4B68-9B11-D806D1CC7E18}.Release|Any CPU.Build.0 = Release|Any CPU
		{B092E543-60E7-4B68-9B11-D806D1CC7E18}.Release|Mixed Platforms.ActiveCfg = Release|Any CPU
		{B092E543-60E7-4B68-9B11-D806D1CC7E18}.Release|Mixed Platforms.Build.0 = Release|Any CPU
	EndGlobalSection
	GlobalSection(SolutionProperties) = preSolution
		HideSolutionNode = FALSE
	EndGlobalSection
	GlobalSection(ExtensibilityGlobals) = postSolution
		SolutionGuid = {814442B5-919F-4FCF-AA6C-C42872A7FCCD}
	EndGlobalSection
EndGlobal
